// !$*UTF8*$!
{
	archiveVersion = 1;
	classes = {
	};
	objectVersion = 46;
	objects = {

/* Begin PBXBuildFile section */
		0AA800211F0F2EF4001B8A84 /* main.m in Sources */ = {isa = PBXBuildFile; fileRef = 0AA800201F0F2EF4001B8A84 /* main.m */; };
		0AA800241F0F2EF4001B8A84 /* AppDelegate.m in Sources */ = {isa = PBXBuildFile; fileRef = 0AA800231F0F2EF4001B8A84 /* AppDelegate.m */; };
		0AA800271F0F2EF4001B8A84 /* ViewController.m in Sources */ = {isa = PBXBuildFile; fileRef = 0AA800261F0F2EF4001B8A84 /* ViewController.m */; };
		0AA8002A1F0F2EF4001B8A84 /* Main.storyboard in Resources */ = {isa = PBXBuildFile; fileRef = 0AA800281F0F2EF4001B8A84 /* Main.storyboard */; };
		0AA8002C1F0F2EF4001B8A84 /* Assets.xcassets in Resources */ = {isa = PBXBuildFile; fileRef = 0AA8002B1F0F2EF4001B8A84 /* Assets.xcassets */; };
		0AA8002F1F0F2EF4001B8A84 /* LaunchScreen.storyboard in Resources */ = {isa = PBXBuildFile; fileRef = 0AA8002D1F0F2EF4001B8A84 /* LaunchScreen.storyboard */; };
/* End PBXBuildFile section */

/* Begin PBXFileReference section */
		0AA8001C1F0F2EF4001B8A84 /* 二维码.app */ = {isa = PBXFileReference; explicitFileType = wrapper.application; includeInIndex = 0; path = "二维码.app"; sourceTree = BUILT_PRODUCTS_DIR; };
		0AA800201F0F2EF4001B8A84 /* main.m */ = {isa = PBXFileReference; lastKnownFileType = sourcecode.c.objc; path = main.m; sourceTree = "<group>"; };
		0AA800221F0F2EF4001B8A84 /* AppDelegate.h */ = {isa = PBXFileReference; lastKnownFileType = sourcecode.c.h; path = AppDelegate.h; sourceTree = "<group>"; };
		0AA800231F0F2EF4001B8A84 /* AppDelegate.m */ = {isa = PBXFileReference; lastKnownFileType = sourcecode.c.objc; path = AppDelegate.m; sourceTree = "<group>"; };
		0AA800251F0F2EF4001B8A84 /* ViewController.h */ = {isa = PBXFileReference; lastKnownFileType = sourcecode.c.h; path = ViewController.h; sourceTree = "<group>"; };
		0AA800261F0F2EF4001B8A84 /* ViewController.m */ = {isa = PBXFileReference; lastKnownFileType = sourcecode.c.objc; path = ViewController.m; sourceTree = "<group>"; };
		0AA800291F0F2EF4001B8A84 /* Base */ = {isa = PBXFileReference; lastKnownFileType = file.storyboard; name = Base; path = Base.lproj/Main.storyboard; sourceTree = "<group>"; };
		0AA8002B1F0F2EF4001B8A84 /* Assets.xcassets */ = {isa = PBXFileReference; lastKnownFileType = folder.assetcatalog; path = Assets.xcassets; sourceTree = "<group>"; };
		0AA8002E1F0F2EF4001B8A84 /* Base */ = {isa = PBXFileReference; lastKnownFileType = file.storyboard; name = Base; path = Base.lproj/LaunchScreen.storyboard; sourceTree = "<group>"; };
		0AA800301F0F2EF4001B8A84 /* Info.plist */ = {isa = PBXFileReference; lastKnownFileType = text.plist.xml; path = Info.plist; sourceTree = "<group>"; };
/* End PBXFileReference section */

/* Begin PBXFrameworksBuildPhase section */
		0AA800191F0F2EF4001B8A84 /* Frameworks */ = {
			isa = PBXFrameworksBuildPhase;
			buildActionMask = 2147483647;
			files = (
			);
			runOnlyForDeploymentPostprocessing = 0;
		};
/* End PBXFrameworksBuildPhase section */

/* Begin PBXGroup section */
		0AA800131F0F2EF4001B8A84 = {
			isa = PBXGroup;
			children = (
				0AA8001E1F0F2EF4001B8A84 /* 二维码 */,
				0AA8001D1F0F2EF4001B8A84 /* Products */,
			);
			sourceTree = "<group>";
		};
		0AA8001D1F0F2EF4001B8A84 /* Products */ = {
			isa = PBXGroup;
			children = (
				0AA8001C1F0F2EF4001B8A84 /* 二维码.app */,
			);
			name = Products;
			sourceTree = "<group>";
		};
		0AA8001E1F0F2EF4001B8A84 /* 二维码 */ = {
			isa = PBXGroup;
			children = (
				0AA800221F0F2EF4001B8A84 /* AppDelegate.h */,
				0AA800231F0F2EF4001B8A84 /* AppDelegate.m */,
				0AA800251F0F2EF4001B8A84 /* ViewController.h */,
				0AA800261F0F2EF4001B8A84 /* ViewController.m */,
				0AA800281F0F2EF4001B8A84 /* Main.storyboard */,
				0AA8002B1F0F2EF4001B8A84 /* Assets.xcassets */,
				0AA8002D1F0F2EF4001B8A84 /* LaunchScreen.storyboard */,
				0AA800301F0F2EF4001B8A84 /* Info.plist */,
				0AA8001F1F0F2EF4001B8A84 /* Supporting Files */,
			);
			path = "二维码";
			sourceTree = "<group>";
		};
		0AA8001F1F0F2EF4001B8A84 /* Supporting Files */ = {
			isa = PBXGroup;
			children = (
				0AA800201F0F2EF4001B8A84 /* main.m */,
			);
			name = "Supporting Files";
			sourceTree = "<group>";
		};
/* End PBXGroup section */

/* Begin PBXNativeTarget section */
		0AA8001B1F0F2EF4001B8A84 /* 二维码 */ = {
			isa = PBXNativeTarget;
			buildConfigurationList = 0AA800331F0F2EF4001B8A84 /* Build configuration list for PBXNativeTarget "二维码" */;
			buildPhases = (
				0AA800181F0F2EF4001B8A84 /* Sources */,
				0AA800191F0F2EF4001B8A84 /* Frameworks */,
				0AA8001A1F0F2EF4001B8A84 /* Resources */,
			);
			buildRules = (
			);
			dependencies = (
			);
			name = "二维码";
			productName = "二维码";
			productReference = 0AA8001C1F0F2EF4001B8A84 /* 二维码.app */;
			productType = "com.apple.product-type.application";
		};
/* End PBXNativeTarget section */

/* Begin PBXProject section */
		0AA800141F0F2EF4001B8A84 /* Project object */ = {
			isa = PBXProject;
			attributes = {
				LastUpgradeCheck = 0830;
				ORGANIZATIONNAME = kevin;
				TargetAttributes = {
					0AA8001B1F0F2EF4001B8A84 = {
						CreatedOnToolsVersion = 8.3.3;
						DevelopmentTeam = 9D9LHCSUJ9;
						ProvisioningStyle = Automatic;
					};
				};
			};
			buildConfigurationList = 0AA800171F0F2EF4001B8A84 /* Build configuration list for PBXProject "二维码" */;
			compatibilityVersion = "Xcode 3.2";
			developmentRegion = English;
			hasScannedForEncodings = 0;
			knownRegions = (
				en,
				Base,
			);
			mainGroup = 0AA800131F0F2EF4001B8A84;
			productRefGroup = 0AA8001D1F0F2EF4001B8A84 /* Products */;
			projectDirPath = "";
			projectRoot = "";
			targets = (
				0AA8001B1F0F2EF4001B8A84 /* 二维码 */,
			);
		};
/* End PBXProject section */

/* Begin PBXResourcesBuildPhase section */
		0AA8001A1F0F2EF4001B8A84 /* Resources */ = {
			isa = PBXResourcesBuildPhase;
			buildActionMask = 2147483647;
			files = (
				0AA8002F1F0F2EF4001B8A84 /* LaunchScreen.storyboard in Resources */,
				0AA8002C1F0F2EF4001B8A84 /* Assets.xcassets in Resources */,
				0AA8002A1F0F2EF4001B8A84 /* Main.storyboard in Resources */,
			);
			runOnlyForDeploymentPostprocessing = 0;
		};
/* End PBXResourcesBuildPhase section */

/* Begin PBXSourcesBuildPhase section */
		0AA800181F0F2EF4001B8A84 /* Sources */ = {
			isa = PBXSourcesBuildPhase;
			buildActionMask = 2147483647;
			files = (
				0AA800271F0F2EF4001B8A84 /* ViewController.m in Sources */,
				0AA800241F0F2EF4001B8A84 /* AppDelegate.m in Sources */,
				0AA800211F0F2EF4001B8A84 /* main.m in Sources */,
			);
			runOnlyForDeploymentPostprocessing = 0;
		};
/* End PBXSourcesBuildPhase section */

/* Begin PBXVariantGroup section */
		0AA800281F0F2EF4001B8A84 /* Main.storyboard */ = {
			isa = PBXVariantGroup;
			children = (
				0AA800291F0F2EF4001B8A84 /* Base */,
			);
			name = Main.storyboard;
			sourceTree = "<group>";
		};
		0AA8002D1F0F2EF4001B8A84 /* LaunchScreen.storyboard */ = {
			isa = PBXVariantGroup;
			children = (
				0AA8002E1F0F2EF4001B8A84 /* Base */,
			);
			name = LaunchScreen.storyboard;
			sourceTree = "<group>";
		};
/* End PBXVariantGroup section */

/* Begin XCBuildConfiguration section */
		0AA800311F0F2EF4001B8A84 /* Debug */ = {
			isa = XCBuildConfiguration;
			buildSettings = {
				ALWAYS_SEARCH_USER_PATHS = NO;
				CLANG_ANALYZER_NONNULL = YES;
				CLANG_ANALYZER_NUMBER_OBJECT_CONVERSION = YES_AGGRESSIVE;
				CLANG_CXX_LANGUAGE_STANDARD = "gnu++0x";
				CLANG_CXX_LIBRARY = "libc++";
				CLANG_ENABLE_MODULES = YES;
				CLANG_ENABLE_OBJC_ARC = YES;
				CLANG_WARN_BOOL_CONVERSION = YES;
				CLANG_WARN_CONSTANT_CONVERSION = YES;
				CLANG_WARN_DIRECT_OBJC_ISA_USAGE = YES_ERROR;
				CLANG_WARN_DOCUMENTATION_COMMENTS = YES;
				CLANG_WARN_EMPTY_BODY = YES;
				CLANG_WARN_ENUM_CONVERSION = YES;
				CLANG_WARN_INFINITE_RECURSION = YES;
				CLANG_WARN_INT_CONVERSION = YES;
				CLANG_WARN_OBJC_ROOT_CLASS = YES_ERROR;
				CLANG_WARN_SUSPICIOUS_MOVE = YES;
				CLANG_WARN_UNREACHABLE_CODE = YES;
				CLANG_WARN__DUPLICATE_METHOD_MATCH = YES;
				"CODE_SIGN_IDENTITY[sdk=iphoneos*]" = "iPhone Developer";
				COPY_PHASE_STRIP = NO;
				DEBUG_INFORMATION_FORMAT = dwarf;
				ENABLE_STRICT_OBJC_MSGSEND = YES;
				ENABLE_TESTABILITY = YES;
				GCC_C_LANGUAGE_STANDARD = gnu99;
				GCC_DYNAMIC_NO_PIC = NO;
				GCC_NO_COMMON_BLOCKS = YES;
				GCC_OPTIMIZATION_LEVEL = 0;
				GCC_PREPROCESSOR_DEFINITIONS = (
					"DEBUG=1",
					"$(inherited)",
				);
				GCC_WARN_64_TO_32_BIT_CONVERSION = YES;
				GCC_WARN_ABOUT_RETURN_TYPE = YES_ERROR;
				GCC_WARN_UNDECLARED_SELECTOR = YES;
				GCC_WARN_UNINITIALIZED_AUTOS = YES_AGGRESSIVE;
				GCC_WARN_UNUSED_FUNCTION = YES;
				GCC_WARN_UNUSED_VARIABLE = YES;
				IPHONEOS_DEPLOYMENT_TARGET = 10.3;
				MTL_ENABLE_DEBUG_INFO = YES;
				ONLY_ACTIVE_ARCH = YES;
				SDKROOT = iphoneos;
			};
			name = Debug;
		};
		0AA800321F0F2EF4001B8A84 /* Release */ = {
			isa = XCBuildConfiguration;
			buildSettings = {
				ALWAYS_SEARCH_USER_PATHS = NO;
				CLANG_ANALYZER_NONNULL = YES;
				CLANG_ANALYZER_NUMBER_OBJECT_CONVERSION = YES_AGGRESSIVE;
				CLANG_CXX_LANGUAGE_STANDARD = "gnu++0x";
				CLANG_CXX_LIBRARY = "libc++";
				CLANG_ENABLE_MODULES = YES;
				CLANG_ENABLE_OBJC_ARC = YES;
				CLANG_WARN_BOOL_CONVERSION = YES;
				CLANG_WARN_CONSTANT_CONVERSION = YES;
				CLANG_WARN_DIRECT_OBJC_ISA_USAGE = YES_ERROR;
				CLANG_WARN_DOCUMENTATION_COMMENTS = YES;
				CLANG_WARN_EMPTY_BODY = YES;
				CLANG_WARN_ENUM_CONVERSION = YES;
				CLANG_WARN_INFINITE_RECURSION = YES;
				CLANG_WARN_INT_CONVERSION = YES;
				CLANG_WARN_OBJC_ROOT_CLASS = YES_ERROR;
				CLANG_WARN_SUSPICIOUS_MOVE = YES;
				CLANG_WARN_UNREACHABLE_CODE = YES;
				CLANG_WARN__DUPLICATE_METHOD_MATCH = YES;
				"CODE_SIGN_IDENTITY[sdk=iphoneos*]" = "iPhone Developer";
				COPY_PHASE_STRIP = NO;
				DEBUG_INFORMATION_FORMAT = "dwarf-with-dsym";
				ENABLE_NS_ASSERTIONS = NO;
				ENABLE_STRICT_OBJC_MSGSEND = YES;
				GCC_C_LANGUAGE_STANDARD = gnu99;
				GCC_NO_COMMON_BLOCKS = YES;
				GCC_WARN_64_TO_32_BIT_CONVERSION = YES;
				GCC_WARN_ABOUT_RETURN_TYPE = YES_ERROR;
				GCC_WARN_UNDECLARED_SELECTOR = YES;
				GCC_WARN_UNINITIALIZED_AUTOS = YES_AGGRESSIVE;
				GCC_WARN_UNUSED_FUNCTION = YES;
				GCC_WARN_UNUSED_VARIABLE = YES;
				IPHONEOS_DEPLOYMENT_TARGET = 10.3;
				MTL_ENABLE_DEBUG_INFO = NO;
				SDKROOT = iphoneos;
				VALIDATE_PRODUCT = YES;
			};
			name = Release;
		};
		0AA800341F0F2EF4001B8A84 /* Debug */ = {
			isa = XCBuildConfiguration;
			buildSettings = {
				ASSETCATALOG_COMPILER_APPICON_NAME = AppIcon;
				DEVELOPMENT_TEAM = 9D9LHCSUJ9;
				INFOPLIST_FILE = "二维码/Info.plist";
				LD_RUNPATH_SEARCH_PATHS = "$(inherited) @executable_path/Frameworks";
				PRODUCT_BUNDLE_IDENTIFIER = "com.yueren.pyyx.---";
				PRODUCT_NAME = "$(TARGET_NAME)";
			};
			name = Debug;
		};
		0AA800351F0F2EF4001B8A84 /* Release */ = {
			isa = XCBuildConfiguration;
			buildSettings = {
				ASSETCATALOG_COMPILER_APPICON_NAME = AppIcon;
				DEVELOPMENT_TEAM = 9D9LHCSUJ9;
				INFOPLIST_FILE = "二维码/Info.plist";
				LD_RUNPATH_SEARCH_PATHS = "$(inherited) @executable_path/Frameworks";
				PRODUCT_BUNDLE_IDENTIFIER = "com.yueren.pyyx.---";
				PRODUCT_NAME = "$(TARGET_NAME)";
			};
			name = Release;
		};
/* End XCBuildConfiguration section */

/* Begin XCConfigurationList section */
		0AA800171F0F2EF4001B8A84 /* Build configuration list for PBXProject "二维码" */ = {
			isa = XCConfigurationList;
			buildConfigurations = (
				0AA800311F0F2EF4001B8A84 /* Debug */,
				0AA800321F0F2EF4001B8A84 /* Release */,
			);
			defaultConfigurationIsVisible = 0;
			defaultConfigurationName = Release;
		};
		0AA800331F0F2EF4001B8A84 /* Build configuration list for PBXNativeTarget "二维码" */ = {
			isa = XCConfigurationList;
			buildConfigurations = (
				0AA800341F0F2EF4001B8A84 /* Debug */,
				0AA800351F0F2EF4001B8A84 /* Release */,
			);
			defaultConfigurationIsVisible = 0;
		};
/* End XCConfigurationList section */
	};
	rootObject = 0AA800141F0F2EF4001B8A84 /* Project object */;
}
